# THIS IS AN AUTOGENERATED FILE. DO NOT EDIT THIS FILE DIRECTLY.
# yarn lockfile v1


ramda@^0.25.0:
  version "0.25.0"
  resolved "https://registry.yarnpkg.com/ramda/-/ramda-0.25.0.tgz#8fdf68231cffa90bc2f9460390a0cb74a29b29a9"

rxjs@^6.0.0-uncanny-rc.7:
  version "6.0.0-uncanny-rc.7"
  resolved "https://registry.yarnpkg.com/rxjs/-/rxjs-6.0.0-uncanny-rc.7.tgz#e5d6ebe2c538c583bf4b3600b60112d64a7a6991"
  dependencies:
    tslib "^1.9.0"

tslib@^1.9.0:
  version "1.9.0"
  resolved "https://registry.yarnpkg.com/tslib/-/tslib-1.9.0.tgz#e37a86fda8cbbaf23a057f473c9f4dc64e5fc2e8"
